
Microsoft Visual Studio Solution File, Format Version 11.00
# Visual Studio 2010
Project("{FAE04EC0-301F-11D3-BF4B-00C04F79EFBC}") = "Events.Web", "Events.Web\Events.Web.csproj", "{05473581-6DB5-4D0F-BF19-79CA1CC20DF8}"
EndProject
Global
	GlobalSection(SolutionConfigurationPlatforms) = preSolution
		Debug|x86 = Debug|x86
		Release|x86 = Release|x86
	EndGlobalSection
	GlobalSection(ProjectConfigurationPlatforms) = postSolution
		{05473581-6DB5-4D0F-BF19-79CA1CC20DF8}.Debug|x86.ActiveCfg = Debug|Any CPU
		{05473581-6DB5-4D0F-BF19-79CA1CC20DF8}.Debug|x86.Build.0 = Debug|Any CPU
		{05473581-6DB5-4D0F-BF19-79CA1CC20DF8}.Release|x86.ActiveCfg = Release|Any CPU
		{05473581-6DB5-4D0F-BF19-79CA1CC20DF8}.Release|x86.Build.0 = Release|Any CPU
	EndGlobalSection
	GlobalSection(MonoDevelopProperties) = preSolution
		StartupItem = Events.Web\Events.Web.csproj
	EndGlobalSection
EndGlobal
